
Microsoft Visual Studio Solution File, Format Version 12.00
# Visual Studio Version 16
VisualStudioVersion = 16.0.34729.46
MinimumVisualStudioVersion = 10.0.40219.1
Project("{FAE04EC0-301F-11D3-BF4B-00C04F79EFBC}") = "BhavyaModhiya_490", "BhavyaModhiya_490\BhavyaModhiya_490.csproj", "{FBCE0A4A-D412-44C0-BA12-C34C872A1036}"
EndProject
Project("{FAE04EC0-301F-11D3-BF4B-00C04F79EFBC}") = "BhavyaModhiya_490_Helpers", "BhavyaModhiya_490_Helpers\BhavyaModhiya_490_Helpers.csproj", "{16C062D2-BF51-44B2-9716-1CCDBE1A0DE6}"
EndProject
Project("{FAE04EC0-301F-11D3-BF4B-00C04F79EFBC}") = "BhavyaModhiya_490_Models", "BhavyaModhiya_490_Models\BhavyaModhiya_490_Models.csproj", "{6B52C0E9-4D50-4983-9BA0-76112E8225AA}"
EndProject
Project("{FAE04EC0-301F-11D3-BF4B-00C04F79EFBC}") = "BhavyaModhiya_490_Repository", "BhavyaModhiya_490_Repository\BhavyaModhiya_490_Repository.csproj", "{C2C5CEC2-BEF5-4F1B-A4FD-FA36A4FF075E}"
EndProject
Project("{FAE04EC0-301F-11D3-BF4B-00C04F79EFBC}") = "BhavyaModhiya_490_WebAPI", "BhavyaModhiya_490_WebAPI\BhavyaModhiya_490_WebAPI.csproj", "{A950115A-1C91-477A-B332-EF49F1428BEC}"
EndProject
Global
	GlobalSection(SolutionConfigurationPlatforms) = preSolution
		Debug|Any CPU = Debug|Any CPU
		Release|Any CPU = Release|Any CPU
	EndGlobalSection
	GlobalSection(ProjectConfigurationPlatforms) = postSolution
		{FBCE0A4A-D412-44C0-BA12-C34C872A1036}.Debug|Any CPU.ActiveCfg = Debug|Any CPU
		{FBCE0A4A-D412-44C0-BA12-C34C872A1036}.Debug|Any CPU.Build.0 = Debug|Any CPU
		{FBCE0A4A-D412-44C0-BA12-C34C872A1036}.Release|Any CPU.ActiveCfg = Release|Any CPU
		{FBCE0A4A-D412-44C0-BA12-C34C872A1036}.Release|Any CPU.Build.0 = Release|Any CPU
		{16C062D2-BF51-44B2-9716-1CCDBE1A0DE6}.Debug|Any CPU.ActiveCfg = Debug|Any CPU
		{16C062D2-BF51-44B2-9716-1CCDBE1A0DE6}.Debug|Any CPU.Build.0 = Debug|Any CPU
		{16C062D2-BF51-44B2-9716-1CCDBE1A0DE6}.Release|Any CPU.ActiveCfg = Release|Any CPU
		{16C062D2-BF51-44B2-9716-1CCDBE1A0DE6}.Release|Any CPU.Build.0 = Release|Any CPU
		{6B52C0E9-4D50-4983-9BA0-76112E8225AA}.Debug|Any CPU.ActiveCfg = Debug|Any CPU
		{6B52C0E9-4D50-4983-9BA0-76112E8225AA}.Debug|Any CPU.Build.0 = Debug|Any CPU
		{6B52C0E9-4D50-4983-9BA0-76112E8225AA}.Release|Any CPU.ActiveCfg = Release|Any CPU
		{6B52C0E9-4D50-4983-9BA0-76112E8225AA}.Release|Any CPU.Build.0 = Release|Any CPU
		{C2C5CEC2-BEF5-4F1B-A4FD-FA36A4FF075E}.Debug|Any CPU.ActiveCfg = Debug|Any CPU
		{C2C5CEC2-BEF5-4F1B-A4FD-FA36A4FF075E}.Debug|Any CPU.Build.0 = Debug|Any CPU
		{C2C5CEC2-BEF5-4F1B-A4FD-FA36A4FF075E}.Release|Any CPU.ActiveCfg = Release|Any CPU
		{C2C5CEC2-BEF5-4F1B-A4FD-FA36A4FF075E}.Release|Any CPU.Build.0 = Release|Any CPU
		{A950115A-1C91-477A-B332-EF49F1428BEC}.Debug|Any CPU.ActiveCfg = Debug|Any CPU
		{A950115A-1C91-477A-B332-EF49F1428BEC}.Debug|Any CPU.Build.0 = Debug|Any CPU
		{A950115A-1C91-477A-B332-EF49F1428BEC}.Release|Any CPU.ActiveCfg = Release|Any CPU
		{A950115A-1C91-477A-B332-EF49F1428BEC}.Release|Any CPU.Build.0 = Release|Any CPU
	EndGlobalSection
	GlobalSection(SolutionProperties) = preSolution
		HideSolutionNode = FALSE
	EndGlobalSection
	GlobalSection(ExtensibilityGlobals) = postSolution
		SolutionGuid = {4EA69EEE-2B35-4202-B9EE-A8720B25CA95}
	EndGlobalSection
EndGlobal
